
Microsoft Visual Studio Solution File, Format Version 12.00
# Visual Studio 15
VisualStudioVersion = 15.0.28307.168
MinimumVisualStudioVersion = 10.0.40219.1
Project("{FAE04EC0-301F-11D3-BF4B-00C04F79EFBC}") = "SCApp", "SCApp\SCApp.csproj", "{AA14FFF3-4878-479F-AF40-77C6907410E4}"
EndProject
Global
	GlobalSection(SolutionConfigurationPlatforms) = preSolution
		Debug|Any CPU = Debug|Any CPU
		Release|Any CPU = Release|Any CPU
	EndGlobalSection
	GlobalSection(ProjectConfigurationPlatforms) = postSolution
		{AA14FFF3-4878-479F-AF40-77C6907410E4}.Debug|Any CPU.ActiveCfg = Debug|Any CPU
		{AA14FFF3-4878-479F-AF40-77C6907410E4}.Debug|Any CPU.Build.0 = Debug|Any CPU
		{AA14FFF3-4878-479F-AF40-77C6907410E4}.Release|Any CPU.ActiveCfg = Release|Any CPU
		{AA14FFF3-4878-479F-AF40-77C6907410E4}.Release|Any CPU.Build.0 = Release|Any CPU
	EndGlobalSection
	GlobalSection(SolutionProperties) = preSolution
		HideSolutionNode = FALSE
	EndGlobalSection
	GlobalSection(ExtensibilityGlobals) = postSolution
		SolutionGuid = {48F9BF8A-5C33-4902-BE77-53D3B63FE2DE}
	EndGlobalSection
EndGlobal
